
Microsoft Visual Studio Solution File, Format Version 12.00
# Visual Studio 14
VisualStudioVersion = 14.0.25420.1
MinimumVisualStudioVersion = 10.0.40219.1
Project("{FAE04EC0-301F-11D3-BF4B-00C04F79EFBC}") = "Hrm.Web", "Hrm.Web\Hrm.Web.csproj", "{0E20C93F-6670-472C-A06F-B7036F96A40D}"
EndProject
Project("{FAE04EC0-301F-11D3-BF4B-00C04F79EFBC}") = "Hrm.Repository", "Hrm.Repository\Hrm.Repository.csproj", "{43A1C2F6-5562-479E-902B-53E19CE042E4}"
EndProject
Project("{FAE04EC0-301F-11D3-BF4B-00C04F79EFBC}") = "Hrm.Common", "Hrm.Common\Hrm.Common.csproj", "{A8F75D9B-ACFC-40F2-97C4-2941914ADA7E}"
EndProject
Project("{FAE04EC0-301F-11D3-BF4B-00C04F79EFBC}") = "Hrm.Service", "Hrm.Service\Hrm.Service.csproj", "{6100C0D4-7822-41E2-8093-F0E7458DAC8E}"
EndProject
Project("{2150E333-8FDC-42A3-9474-1A3956D46DE8}") = "Presentation", "Presentation", "{C3ECCC8B-C3B0-4D2F-B4D7-8EB6FF54A62F}"
EndProject
Project("{FAE04EC0-301F-11D3-BF4B-00C04F79EFBC}") = "Hrm.Admin", "Hrm.Web\Administration\Hrm.Admin.csproj", "{152C761A-DD2E-4C1F-AF89-DFB2547A3BCA}"
EndProject
Project("{2150E333-8FDC-42A3-9474-1A3956D46DE8}") = "Libraries", "Libraries", "{20055FC1-CF50-45E3-9652-7DDCFD2DC609}"
EndProject
Project("{FAE04EC0-301F-11D3-BF4B-00C04F79EFBC}") = "Hrm.Core", "Hrm.Core\Hrm.Core.csproj", "{75FD4163-333C-4DD5-854D-2EF294E45D94}"
EndProject
Project("{FAE04EC0-301F-11D3-BF4B-00C04F79EFBC}") = "Hrm.Framework", "Hrm.Framework\Hrm.Framework.csproj", "{F63119ED-AAAA-41B2-A2D8-6116ADDFA0AC}"
EndProject
Global
	GlobalSection(SolutionConfigurationPlatforms) = preSolution
		Debug|Any CPU = Debug|Any CPU
		Release|Any CPU = Release|Any CPU
	EndGlobalSection
	GlobalSection(ProjectConfigurationPlatforms) = postSolution
		{0E20C93F-6670-472C-A06F-B7036F96A40D}.Debug|Any CPU.ActiveCfg = Debug|Any CPU
		{0E20C93F-6670-472C-A06F-B7036F96A40D}.Debug|Any CPU.Build.0 = Debug|Any CPU
		{0E20C93F-6670-472C-A06F-B7036F96A40D}.Release|Any CPU.ActiveCfg = Release|Any CPU
		{0E20C93F-6670-472C-A06F-B7036F96A40D}.Release|Any CPU.Build.0 = Release|Any CPU
		{43A1C2F6-5562-479E-902B-53E19CE042E4}.Debug|Any CPU.ActiveCfg = Debug|Any CPU
		{43A1C2F6-5562-479E-902B-53E19CE042E4}.Debug|Any CPU.Build.0 = Debug|Any CPU
		{43A1C2F6-5562-479E-902B-53E19CE042E4}.Release|Any CPU.ActiveCfg = Release|Any CPU
		{43A1C2F6-5562-479E-902B-53E19CE042E4}.Release|Any CPU.Build.0 = Release|Any CPU
		{A8F75D9B-ACFC-40F2-97C4-2941914ADA7E}.Debug|Any CPU.ActiveCfg = Debug|Any CPU
		{A8F75D9B-ACFC-40F2-97C4-2941914ADA7E}.Debug|Any CPU.Build.0 = Debug|Any CPU
		{A8F75D9B-ACFC-40F2-97C4-2941914ADA7E}.Release|Any CPU.ActiveCfg = Release|Any CPU
		{A8F75D9B-ACFC-40F2-97C4-2941914ADA7E}.Release|Any CPU.Build.0 = Release|Any CPU
		{6100C0D4-7822-41E2-8093-F0E7458DAC8E}.Debug|Any CPU.ActiveCfg = Debug|Any CPU
		{6100C0D4-7822-41E2-8093-F0E7458DAC8E}.Debug|Any CPU.Build.0 = Debug|Any CPU
		{6100C0D4-7822-41E2-8093-F0E7458DAC8E}.Release|Any CPU.ActiveCfg = Release|Any CPU
		{6100C0D4-7822-41E2-8093-F0E7458DAC8E}.Release|Any CPU.Build.0 = Release|Any CPU
		{152C761A-DD2E-4C1F-AF89-DFB2547A3BCA}.Debug|Any CPU.ActiveCfg = Debug|Any CPU
		{152C761A-DD2E-4C1F-AF89-DFB2547A3BCA}.Debug|Any CPU.Build.0 = Debug|Any CPU
		{152C761A-DD2E-4C1F-AF89-DFB2547A3BCA}.Release|Any CPU.ActiveCfg = Release|Any CPU
		{152C761A-DD2E-4C1F-AF89-DFB2547A3BCA}.Release|Any CPU.Build.0 = Release|Any CPU
		{75FD4163-333C-4DD5-854D-2EF294E45D94}.Debug|Any CPU.ActiveCfg = Debug|Any CPU
		{75FD4163-333C-4DD5-854D-2EF294E45D94}.Debug|Any CPU.Build.0 = Debug|Any CPU
		{75FD4163-333C-4DD5-854D-2EF294E45D94}.Release|Any CPU.ActiveCfg = Release|Any CPU
		{75FD4163-333C-4DD5-854D-2EF294E45D94}.Release|Any CPU.Build.0 = Release|Any CPU
		{F63119ED-AAAA-41B2-A2D8-6116ADDFA0AC}.Debug|Any CPU.ActiveCfg = Debug|Any CPU
		{F63119ED-AAAA-41B2-A2D8-6116ADDFA0AC}.Debug|Any CPU.Build.0 = Debug|Any CPU
		{F63119ED-AAAA-41B2-A2D8-6116ADDFA0AC}.Release|Any CPU.ActiveCfg = Release|Any CPU
		{F63119ED-AAAA-41B2-A2D8-6116ADDFA0AC}.Release|Any CPU.Build.0 = Release|Any CPU
		{3836B06C-CB72-4BBF-B5E1-5FFC19F3CB60}.Debug|Any CPU.ActiveCfg = Debug|Any CPU
		{3836B06C-CB72-4BBF-B5E1-5FFC19F3CB60}.Debug|Any CPU.Build.0 = Debug|Any CPU
		{3836B06C-CB72-4BBF-B5E1-5FFC19F3CB60}.Release|Any CPU.ActiveCfg = Release|Any CPU
		{3836B06C-CB72-4BBF-B5E1-5FFC19F3CB60}.Release|Any CPU.Build.0 = Release|Any CPU
	EndGlobalSection
	GlobalSection(SolutionProperties) = preSolution
		HideSolutionNode = FALSE
	EndGlobalSection
	GlobalSection(NestedProjects) = preSolution
		{0E20C93F-6670-472C-A06F-B7036F96A40D} = {C3ECCC8B-C3B0-4D2F-B4D7-8EB6FF54A62F}
		{43A1C2F6-5562-479E-902B-53E19CE042E4} = {20055FC1-CF50-45E3-9652-7DDCFD2DC609}
		{A8F75D9B-ACFC-40F2-97C4-2941914ADA7E} = {20055FC1-CF50-45E3-9652-7DDCFD2DC609}
		{6100C0D4-7822-41E2-8093-F0E7458DAC8E} = {20055FC1-CF50-45E3-9652-7DDCFD2DC609}
		{152C761A-DD2E-4C1F-AF89-DFB2547A3BCA} = {C3ECCC8B-C3B0-4D2F-B4D7-8EB6FF54A62F}
		{75FD4163-333C-4DD5-854D-2EF294E45D94} = {20055FC1-CF50-45E3-9652-7DDCFD2DC609}
		{F63119ED-AAAA-41B2-A2D8-6116ADDFA0AC} = {C3ECCC8B-C3B0-4D2F-B4D7-8EB6FF54A62F}
		{3836B06C-CB72-4BBF-B5E1-5FFC19F3CB60} = {C3ECCC8B-C3B0-4D2F-B4D7-8EB6FF54A62F}
	EndGlobalSection
EndGlobal
