
Microsoft Visual Studio Solution File, Format Version 12.00
# Visual Studio 14
VisualStudioVersion = 14.0.25420.1
MinimumVisualStudioVersion = 10.0.40219.1
Project("{FAE04EC0-301F-11D3-BF4B-00C04F79EFBC}") = "HRMV1.0", "HRMV1.0\HRMV1.0.csproj", "{A6001F0B-6A2F-4521-B952-EB5C5049E4A5}"
EndProject
Project("{FAE04EC0-301F-11D3-BF4B-00C04F79EFBC}") = "HRM.DataAccess", "HRM.DataAccess\HRM.DataAccess.csproj", "{99C1F626-8C44-40F2-8E25-97C7FB38978D}"
EndProject
Global
	GlobalSection(SolutionConfigurationPlatforms) = preSolution
		Debug|Any CPU = Debug|Any CPU
		Demo|Any CPU = Demo|Any CPU
		Dev|Any CPU = Dev|Any CPU
		Qa|Any CPU = Qa|Any CPU
		Release|Any CPU = Release|Any CPU
	EndGlobalSection
	GlobalSection(ProjectConfigurationPlatforms) = postSolution
		{A6001F0B-6A2F-4521-B952-EB5C5049E4A5}.Debug|Any CPU.ActiveCfg = Debug|Any CPU
		{A6001F0B-6A2F-4521-B952-EB5C5049E4A5}.Debug|Any CPU.Build.0 = Debug|Any CPU
		{A6001F0B-6A2F-4521-B952-EB5C5049E4A5}.Demo|Any CPU.ActiveCfg = Debug|Any CPU
		{A6001F0B-6A2F-4521-B952-EB5C5049E4A5}.Demo|Any CPU.Build.0 = Debug|Any CPU
		{A6001F0B-6A2F-4521-B952-EB5C5049E4A5}.Dev|Any CPU.ActiveCfg = Debug|Any CPU
		{A6001F0B-6A2F-4521-B952-EB5C5049E4A5}.Dev|Any CPU.Build.0 = Debug|Any CPU
		{A6001F0B-6A2F-4521-B952-EB5C5049E4A5}.Qa|Any CPU.ActiveCfg = Release|Any CPU
		{A6001F0B-6A2F-4521-B952-EB5C5049E4A5}.Qa|Any CPU.Build.0 = Release|Any CPU
		{A6001F0B-6A2F-4521-B952-EB5C5049E4A5}.Release|Any CPU.ActiveCfg = Release|Any CPU
		{A6001F0B-6A2F-4521-B952-EB5C5049E4A5}.Release|Any CPU.Build.0 = Release|Any CPU
		{99C1F626-8C44-40F2-8E25-97C7FB38978D}.Debug|Any CPU.ActiveCfg = Debug|Any CPU
		{99C1F626-8C44-40F2-8E25-97C7FB38978D}.Debug|Any CPU.Build.0 = Debug|Any CPU
		{99C1F626-8C44-40F2-8E25-97C7FB38978D}.Demo|Any CPU.ActiveCfg = Debug|Any CPU
		{99C1F626-8C44-40F2-8E25-97C7FB38978D}.Demo|Any CPU.Build.0 = Debug|Any CPU
		{99C1F626-8C44-40F2-8E25-97C7FB38978D}.Dev|Any CPU.ActiveCfg = Debug|Any CPU
		{99C1F626-8C44-40F2-8E25-97C7FB38978D}.Dev|Any CPU.Build.0 = Debug|Any CPU
		{99C1F626-8C44-40F2-8E25-97C7FB38978D}.Qa|Any CPU.ActiveCfg = Release|Any CPU
		{99C1F626-8C44-40F2-8E25-97C7FB38978D}.Qa|Any CPU.Build.0 = Release|Any CPU
		{99C1F626-8C44-40F2-8E25-97C7FB38978D}.Release|Any CPU.ActiveCfg = Release|Any CPU
		{99C1F626-8C44-40F2-8E25-97C7FB38978D}.Release|Any CPU.Build.0 = Release|Any CPU
	EndGlobalSection
	GlobalSection(SolutionProperties) = preSolution
		HideSolutionNode = FALSE
	EndGlobalSection
	GlobalSection(ExtensibilityGlobals) = postSolution
		SolutionGuid = {4B2AB49C-BA4D-4109-8D23-72734EF1295B}
	EndGlobalSection
EndGlobal
